
Microsoft Visual Studio Solution File, Format Version 12.00
# Visual Studio Version 17
VisualStudioVersion = 17.8.34330.188
MinimumVisualStudioVersion = 10.0.40219.1
Project("{FAE04EC0-301F-11D3-BF4B-00C04F79EFBC}") = "Domain", "Domain\Domain.csproj", "{7944279C-B83E-45EB-8A12-B2C28B6159D0}"
EndProject
Project("{FAE04EC0-301F-11D3-BF4B-00C04F79EFBC}") = "Web", "Web\Web.csproj", "{7FC55AE5-795B-43C4-B7CE-1EE9D0903CCE}"
EndProject
Project("{FAE04EC0-301F-11D3-BF4B-00C04F79EFBC}") = "Application", "Application\Application.csproj", "{FEF6FE2E-42A7-4045-AF72-529A3D0281B6}"
EndProject
Project("{FAE04EC0-301F-11D3-BF4B-00C04F79EFBC}") = "Database", "Database\Database.csproj", "{C5099B0A-5036-4284-B070-3DC7962C1B24}"
EndProject
Project("{FAE04EC0-301F-11D3-BF4B-00C04F79EFBC}") = "IoC", "IoC\IoC.csproj", "{CCB1B91C-F2E1-4C91-A12C-6205FC1FD988}"
EndProject
Global
	GlobalSection(SolutionConfigurationPlatforms) = preSolution
		Debug|Any CPU = Debug|Any CPU
		Release|Any CPU = Release|Any CPU
	EndGlobalSection
	GlobalSection(ProjectConfigurationPlatforms) = postSolution
		{7944279C-B83E-45EB-8A12-B2C28B6159D0}.Debug|Any CPU.ActiveCfg = Debug|Any CPU
		{7944279C-B83E-45EB-8A12-B2C28B6159D0}.Debug|Any CPU.Build.0 = Debug|Any CPU
		{7944279C-B83E-45EB-8A12-B2C28B6159D0}.Release|Any CPU.ActiveCfg = Release|Any CPU
		{7944279C-B83E-45EB-8A12-B2C28B6159D0}.Release|Any CPU.Build.0 = Release|Any CPU
		{7FC55AE5-795B-43C4-B7CE-1EE9D0903CCE}.Debug|Any CPU.ActiveCfg = Debug|Any CPU
		{7FC55AE5-795B-43C4-B7CE-1EE9D0903CCE}.Debug|Any CPU.Build.0 = Debug|Any CPU
		{7FC55AE5-795B-43C4-B7CE-1EE9D0903CCE}.Release|Any CPU.ActiveCfg = Release|Any CPU
		{7FC55AE5-795B-43C4-B7CE-1EE9D0903CCE}.Release|Any CPU.Build.0 = Release|Any CPU
		{FEF6FE2E-42A7-4045-AF72-529A3D0281B6}.Debug|Any CPU.ActiveCfg = Debug|Any CPU
		{FEF6FE2E-42A7-4045-AF72-529A3D0281B6}.Debug|Any CPU.Build.0 = Debug|Any CPU
		{FEF6FE2E-42A7-4045-AF72-529A3D0281B6}.Release|Any CPU.ActiveCfg = Release|Any CPU
		{FEF6FE2E-42A7-4045-AF72-529A3D0281B6}.Release|Any CPU.Build.0 = Release|Any CPU
		{C5099B0A-5036-4284-B070-3DC7962C1B24}.Debug|Any CPU.ActiveCfg = Debug|Any CPU
		{C5099B0A-5036-4284-B070-3DC7962C1B24}.Debug|Any CPU.Build.0 = Debug|Any CPU
		{C5099B0A-5036-4284-B070-3DC7962C1B24}.Release|Any CPU.ActiveCfg = Release|Any CPU
		{C5099B0A-5036-4284-B070-3DC7962C1B24}.Release|Any CPU.Build.0 = Release|Any CPU
		{CCB1B91C-F2E1-4C91-A12C-6205FC1FD988}.Debug|Any CPU.ActiveCfg = Debug|Any CPU
		{CCB1B91C-F2E1-4C91-A12C-6205FC1FD988}.Debug|Any CPU.Build.0 = Debug|Any CPU
		{CCB1B91C-F2E1-4C91-A12C-6205FC1FD988}.Release|Any CPU.ActiveCfg = Release|Any CPU
		{CCB1B91C-F2E1-4C91-A12C-6205FC1FD988}.Release|Any CPU.Build.0 = Release|Any CPU
	EndGlobalSection
	GlobalSection(SolutionProperties) = preSolution
		HideSolutionNode = FALSE
	EndGlobalSection
	GlobalSection(ExtensibilityGlobals) = postSolution
		SolutionGuid = {DEAD7CDF-F6FB-446C-B098-DF2E68066F7D}
	EndGlobalSection
EndGlobal
